
Microsoft Visual Studio Solution File, Format Version 12.00
# Visual Studio Version 17
VisualStudioVersion = 17.9.34607.119
MinimumVisualStudioVersion = 10.0.40219.1
Project("{8BC9CEB8-8B4A-11D0-8D11-00A0C91BC942}") = "MFDecodeH264", "MFDecodeH264\MFDecodeH264.vcxproj", "{4072BB1D-A70F-4B7B-A1F8-5A3C40A15DB3}"
EndProject
Global
	GlobalSection(SolutionConfigurationPlatforms) = preSolution
		Debug|x64 = Debug|x64
		Debug|x86 = Debug|x86
		Release|x64 = Release|x64
		Release|x86 = Release|x86
	EndGlobalSection
	GlobalSection(ProjectConfigurationPlatforms) = postSolution
		{4072BB1D-A70F-4B7B-A1F8-5A3C40A15DB3}.Debug|x64.ActiveCfg = Debug|x64
		{4072BB1D-A70F-4B7B-A1F8-5A3C40A15DB3}.Debug|x64.Build.0 = Debug|x64
		{4072BB1D-A70F-4B7B-A1F8-5A3C40A15DB3}.Debug|x86.ActiveCfg = Debug|Win32
		{4072BB1D-A70F-4B7B-A1F8-5A3C40A15DB3}.Debug|x86.Build.0 = Debug|Win32
		{4072BB1D-A70F-4B7B-A1F8-5A3C40A15DB3}.Release|x64.ActiveCfg = Release|x64
		{4072BB1D-A70F-4B7B-A1F8-5A3C40A15DB3}.Release|x64.Build.0 = Release|x64
		{4072BB1D-A70F-4B7B-A1F8-5A3C40A15DB3}.Release|x86.ActiveCfg = Release|Win32
		{4072BB1D-A70F-4B7B-A1F8-5A3C40A15DB3}.Release|x86.Build.0 = Release|Win32
	EndGlobalSection
	GlobalSection(SolutionProperties) = preSolution
		HideSolutionNode = FALSE
	EndGlobalSection
	GlobalSection(ExtensibilityGlobals) = postSolution
		SolutionGuid = {788CED37-257F-4690-9210-DF792DD60D6E}
	EndGlobalSection
EndGlobal
